Microsoft Visual Studio Solution File, Format Version 12.00
# Visual Studio Version 17
VisualStudioVersion = 17.0.31912.275
MinimumVisualStudioVersion = 10.0.40219.1
Project("{9A19103F-16F7-4668-BE54-9A1E7A4F7556}") = "Strategy", "Strategy\Strategy.csproj", "{CED52E1F-9F4A-4FA4-A4D7-C289447108F7}"
EndProject
Project("{9A19103F-16F7-4668-BE54-9A1E7A4F7556}") = "StrategyProblem", "StrategyProblem\StrategyProblem.csproj", "{63A115EB-7BF8-4455-BF11-87E96F6C6556}"
EndProject
Project("{9A19103F-16F7-4668-BE54-9A1E7A4F7556}") = "Observer", "Observer\Observer.csproj", "{7D30C408-2689-44D6-AB53-AF91D84113D0}"
EndProject
Project("{9A19103F-16F7-4668-BE54-9A1E7A4F7556}") = "ObserverProblem", "ObserverProblem\ObserverProblem.csproj", "{B41EFA0E-60E7-48C1-9AC7-B54B2C3C02F2}"
EndProject
Project("{9A19103F-16F7-4668-BE54-9A1E7A4F7556}") = "DecoraterProblem", "DecoraterProblem\DecoraterProblem.csproj", "{87FFA31F-0690-43E2-903F-23C58FA53AD1}"
EndProject
Global
	GlobalSection(SolutionConfigurationPlatforms) = preSolution
		Debug|Any CPU = Debug|Any CPU
		Release|Any CPU = Release|Any CPU
	EndGlobalSection
	GlobalSection(ProjectConfigurationPlatforms) = postSolution
		{CED52E1F-9F4A-4FA4-A4D7-C289447108F7}.Debug|Any CPU.ActiveCfg = Debug|Any CPU
		{CED52E1F-9F4A-4FA4-A4D7-C289447108F7}.Debug|Any CPU.Build.0 = Debug|Any CPU
		{CED52E1F-9F4A-4FA4-A4D7-C289447108F7}.Release|Any CPU.ActiveCfg = Release|Any CPU
		{CED52E1F-9F4A-4FA4-A4D7-C289447108F7}.Release|Any CPU.Build.0 = Release|Any CPU
		{63A115EB-7BF8-4455-BF11-87E96F6C6556}.Debug|Any CPU.ActiveCfg = Debug|Any CPU
		{63A115EB-7BF8-4455-BF11-87E96F6C6556}.Debug|Any CPU.Build.0 = Debug|Any CPU
		{63A115EB-7BF8-4455-BF11-87E96F6C6556}.Release|Any CPU.ActiveCfg = Release|Any CPU
		{63A115EB-7BF8-4455-BF11-87E96F6C6556}.Release|Any CPU.Build.0 = Release|Any CPU
		{7D30C408-2689-44D6-AB53-AF91D84113D0}.Debug|Any CPU.ActiveCfg = Debug|Any CPU
		{7D30C408-2689-44D6-AB53-AF91D84113D0}.Debug|Any CPU.Build.0 = Debug|Any CPU
		{7D30C408-2689-44D6-AB53-AF91D84113D0}.Release|Any CPU.ActiveCfg = Release|Any CPU
		{7D30C408-2689-44D6-AB53-AF91D84113D0}.Release|Any CPU.Build.0 = Release|Any CPU
		{B41EFA0E-60E7-48C1-9AC7-B54B2C3C02F2}.Debug|Any CPU.ActiveCfg = Debug|Any CPU
		{B41EFA0E-60E7-48C1-9AC7-B54B2C3C02F2}.Debug|Any CPU.Build.0 = Debug|Any CPU
		{B41EFA0E-60E7-48C1-9AC7-B54B2C3C02F2}.Release|Any CPU.ActiveCfg = Release|Any CPU
		{B41EFA0E-60E7-48C1-9AC7-B54B2C3C02F2}.Release|Any CPU.Build.0 = Release|Any CPU
	EndGlobalSection
	GlobalSection(SolutionProperties) = preSolution
		HideSolutionNode = FALSE
	EndGlobalSection
	GlobalSection(ExtensibilityGlobals) = postSolution
		SolutionGuid = {24DF1BAB-40F1-4CF8-A2A9-9EC3BCE18195}
	EndGlobalSection
EndGlobal
